// !$*UTF8*$!
{
	archiveVersion = 1;
	classes = {
	};
	objectVersion = 46;
	objects = {

/* Begin PBXBuildFile section */
		EE1EFD63192322C500EC9E14 /* MyParticle.sks in Resources */ = {isa = PBXBuildFile; fileRef = EE1EFD61192322C500EC9E14 /* MyParticle.sks */; };
		EE1EFD64192322C500EC9E14 /* spark.png in Resources */ = {isa = PBXBuildFile; fileRef = EE1EFD62192322C500EC9E14 /* spark.png */; };
		EE276E8919228C0B00A9DA32 /* bg2.png in Resources */ = {isa = PBXBuildFile; fileRef = EE276E8819228C0B00A9DA32 /* bg2.png */; };
		EE318ABA191E832F00D5A117 /* STNoteHelper.m in Sources */ = {isa = PBXBuildFile; fileRef = EE318AB9191E832F00D5A117 /* STNoteHelper.m */; };
		EE318ABE191EB23D00D5A117 /* STNoteSpriteNode.m in Sources */ = {isa = PBXBuildFile; fileRef = EE318ABD191EB23D00D5A117 /* STNoteSpriteNode.m */; };
		EE318AC1191EDBFD00D5A117 /* STFileHelper.m in Sources */ = {isa = PBXBuildFile; fileRef = EE318AC0191EDBFD00D5A117 /* STFileHelper.m */; };
		EE318AEE192026DC00D5A117 /* b-4blue.png in Resources */ = {isa = PBXBuildFile; fileRef = EE318ADC192026DC00D5A117 /* b-4blue.png */; };
		EE318AEF192026DC00D5A117 /* b-5green.png in Resources */ = {isa = PBXBuildFile; fileRef = EE318ADD192026DC00D5A117 /* b-5green.png */; };
		EE318AF0192026DC00D5A117 /* b-7orange.png in Resources */ = {isa = PBXBuildFile; fileRef = EE318ADE192026DC00D5A117 /* b-7orange.png */; };
		EE318AF1192026DC00D5A117 /* b-2pink.png in Resources */ = {isa = PBXBuildFile; fileRef = EE318ADF192026DC00D5A117 /* b-2pink.png */; };
		EE318AF2192026DC00D5A117 /* b-3purple.png in Resources */ = {isa = PBXBuildFile; fileRef = EE318AE0192026DC00D5A117 /* b-3purple.png */; };
		EE318AF3192026DC00D5A117 /* b-1red.png in Resources */ = {isa = PBXBuildFile; fileRef = EE318AE1192026DC00D5A117 /* b-1red.png */; };
		EE318AF4192026DC00D5A117 /* b-6yellow.png in Resources */ = {isa = PBXBuildFile; fileRef = EE318AE2192026DC00D5A117 /* b-6yellow.png */; };
		EE318AF5192026DC00D5A117 /* btn-easy.png in Resources */ = {isa = PBXBuildFile; fileRef = EE318AE3192026DC00D5A117 /* btn-easy.png */; };
		EE318AF6192026DC00D5A117 /* btn-hard.png in Resources */ = {isa = PBXBuildFile; fileRef = EE318AE4192026DC00D5A117 /* btn-hard.png */; };
		EE318AF7192026DC00D5A117 /* btn-normal.png in Resources */ = {isa = PBXBuildFile; fileRef = EE318AE5192026DC00D5A117 /* btn-normal.png */; };
		EE318AF8192026DC00D5A117 /* la_linea.png in Resources */ = {isa = PBXBuildFile; fileRef = EE318AE6192026DC00D5A117 /* la_linea.png */; };
		EE318AF9192026DC00D5A117 /* note4blue.png in Resources */ = {isa = PBXBuildFile; fileRef = EE318AE7192026DC00D5A117 /* note4blue.png */; };
		EE318AFA192026DC00D5A117 /* note5green.png in Resources */ = {isa = PBXBuildFile; fileRef = EE318AE8192026DC00D5A117 /* note5green.png */; };
		EE318AFB192026DC00D5A117 /* note7orange.png in Resources */ = {isa = PBXBuildFile; fileRef = EE318AE9192026DC00D5A117 /* note7orange.png */; };
		EE318AFC192026DC00D5A117 /* note2pink.png in Resources */ = {isa = PBXBuildFile; fileRef = EE318AEA192026DC00D5A117 /* note2pink.png */; };
		EE318AFD192026DC00D5A117 /* note3purple.png in Resources */ = {isa = PBXBuildFile; fileRef = EE318AEB192026DC00D5A117 /* note3purple.png */; };
		EE318AFE192026DC00D5A117 /* note1red.png in Resources */ = {isa = PBXBuildFile; fileRef = EE318AEC192026DC00D5A117 /* note1red.png */; };
		EE318AFF192026DC00D5A117 /* note6yellow.png in Resources */ = {isa = PBXBuildFile; fileRef = EE318AED192026DC00D5A117 /* note6yellow.png */; };
		EEA286FB192777FA000D4DA7 /* b-gray.png in Resources */ = {isa = PBXBuildFile; fileRef = EEA286FA192777FA000D4DA7 /* b-gray.png */; };
		EEAA8BBD192580DC0089373F /* STGameStartScene.m in Sources */ = {isa = PBXBuildFile; fileRef = EEAA8BBA192580DC0089373F /* STGameStartScene.m */; };
		EEAA8BC01925816E0089373F /* btn-menu.png in Resources */ = {isa = PBXBuildFile; fileRef = EEAA8BBE1925816E0089373F /* btn-menu.png */; };
		EEAA8BC11925816E0089373F /* btn-retry.png in Resources */ = {isa = PBXBuildFile; fileRef = EEAA8BBF1925816E0089373F /* btn-retry.png */; };
		EEAD136F191E6CBF00760F1E /* Foundation.framework in Frameworks */ = {isa = PBXBuildFile; fileRef = EEAD136E191E6CBF00760F1E /* Foundation.framework */; };
		EEAD1371191E6CBF00760F1E /* CoreGraphics.framework in Frameworks */ = {isa = PBXBuildFile; fileRef = EEAD1370191E6CBF00760F1E /* CoreGraphics.framework */; };
		EEAD1373191E6CBF00760F1E /* UIKit.framework in Frameworks */ = {isa = PBXBuildFile; fileRef = EEAD1372191E6CBF00760F1E /* UIKit.framework */; };
		EEAD1375191E6CBF00760F1E /* SpriteKit.framework in Frameworks */ = {isa = PBXBuildFile; fileRef = EEAD1374191E6CBF00760F1E /* SpriteKit.framework */; };
		EEAD137B191E6CBF00760F1E /* InfoPlist.strings in Resources */ = {isa = PBXBuildFile; fileRef = EEAD1379191E6CBF00760F1E /* InfoPlist.strings */; };
		EEAD137D191E6CBF00760F1E /* main.m in Sources */ = {isa = PBXBuildFile; fileRef = EEAD137C191E6CBF00760F1E /* main.m */; };
		EEAD1381191E6CBF00760F1E /* STAppDelegate.m in Sources */ = {isa = PBXBuildFile; fileRef = EEAD1380191E6CBF00760F1E /* STAppDelegate.m */; };
		EEAD1384191E6CBF00760F1E /* Main.storyboard in Resources */ = {isa = PBXBuildFile; fileRef = EEAD1382191E6CBF00760F1E /* Main.storyboard */; };
		EEAD1387191E6CBF00760F1E /* STViewController.m in Sources */ = {isa = PBXBuildFile; fileRef = EEAD1386191E6CBF00760F1E /* STViewController.m */; };
		EEAD138A191E6CBF00760F1E /* STMyScene.m in Sources */ = {isa = PBXBuildFile; fileRef = EEAD1389191E6CBF00760F1E /* STMyScene.m */; };
		EEAD138E191E6CBF00760F1E /* Images.xcassets in Resources */ = {isa = PBXBuildFile; fileRef = EEAD138D191E6CBF00760F1E /* Images.xcassets */; };
		EEAD1395191E6CBF00760F1E /* XCTest.framework in Frameworks */ = {isa = PBXBuildFile; fileRef = EEAD1394191E6CBF00760F1E /* XCTest.framework */; };
		EEAD1396191E6CC000760F1E /* Foundation.framework in Frameworks */ = {isa = PBXBuildFile; fileRef = EEAD136E191E6CBF00760F1E /* Foundation.framework */; };
		EEAD1397191E6CC000760F1E /* UIKit.framework in Frameworks */ = {isa = PBXBuildFile; fileRef = EEAD1372191E6CBF00760F1E /* UIKit.framework */; };
		EEAD139F191E6CC000760F1E /* InfoPlist.strings in Resources */ = {isa = PBXBuildFile; fileRef = EEAD139D191E6CC000760F1E /* InfoPlist.strings */; };
		EEAD13A1191E6CC000760F1E /* stepsTests.m in Sources */ = {isa = PBXBuildFile; fileRef = EEAD13A0191E6CC000760F1E /* stepsTests.m */; };
		EED7A5A11926860B00F55D19 /* STGameOverScene.m in Sources */ = {isa = PBXBuildFile; fileRef = EED7A5A01926860B00F55D19 /* STGameOverScene.m */; };
		EED7A5D519269A6400F55D19 /* note1.mp3 in Resources */ = {isa = PBXBuildFile; fileRef = EED7A5B419269A6400F55D19 /* note1.mp3 */; };
		EED7A5D619269A6400F55D19 /* note2.mp3 in Resources */ = {isa = PBXBuildFile; fileRef = EED7A5B519269A6400F55D19 /* note2.mp3 */; };
		EED7A5D719269A6400F55D19 /* note3.mp3 in Resources */ = {isa = PBXBuildFile; fileRef = EED7A5B619269A6400F55D19 /* note3.mp3 */; };
		EED7A5D819269A6400F55D19 /* note4.mp3 in Resources */ = {isa = PBXBuildFile; fileRef = EED7A5B719269A6400F55D19 /* note4.mp3 */; };
		EED7A5D919269A6400F55D19 /* note5.mp3 in Resources */ = {isa = PBXBuildFile; fileRef = EED7A5B819269A6400F55D19 /* note5.mp3 */; };
		EED7A5DA19269A6400F55D19 /* note6.mp3 in Resources */ = {isa = PBXBuildFile; fileRef = EED7A5B919269A6400F55D19 /* note6.mp3 */; };
		EED7A5DB19269A6400F55D19 /* note7.mp3 in Resources */ = {isa = PBXBuildFile; fileRef = EED7A5BA19269A6400F55D19 /* note7.mp3 */; };
		EED7A5DC19269A6400F55D19 /* note8.mp3 in Resources */ = {isa = PBXBuildFile; fileRef = EED7A5BB19269A6400F55D19 /* note8.mp3 */; };
		EED7A5DD19269A6400F55D19 /* note9.mp3 in Resources */ = {isa = PBXBuildFile; fileRef = EED7A5BC19269A6400F55D19 /* note9.mp3 */; };
		EED7A5DE19269A6400F55D19 /* note10.mp3 in Resources */ = {isa = PBXBuildFile; fileRef = EED7A5BD19269A6400F55D19 /* note10.mp3 */; };
		EED7A5DF19269A6400F55D19 /* note11.mp3 in Resources */ = {isa = PBXBuildFile; fileRef = EED7A5BE19269A6400F55D19 /* note11.mp3 */; };
		EED7A5E019269A6400F55D19 /* note12.mp3 in Resources */ = {isa = PBXBuildFile; fileRef = EED7A5BF19269A6400F55D19 /* note12.mp3 */; };
		EED7A5E119269A6400F55D19 /* note13.mp3 in Resources */ = {isa = PBXBuildFile; fileRef = EED7A5C019269A6400F55D19 /* note13.mp3 */; };
		EED7A5E219269A6400F55D19 /* note14.mp3 in Resources */ = {isa = PBXBuildFile; fileRef = EED7A5C119269A6400F55D19 /* note14.mp3 */; };
		EED7A5E319269A6400F55D19 /* note15.mp3 in Resources */ = {isa = PBXBuildFile; fileRef = EED7A5C219269A6400F55D19 /* note15.mp3 */; };
		EED7A5E419269A6400F55D19 /* note16.mp3 in Resources */ = {isa = PBXBuildFile; fileRef = EED7A5C319269A6400F55D19 /* note16.mp3 */; };
		EED7A5E519269A6400F55D19 /* note17.mp3 in Resources */ = {isa = PBXBuildFile; fileRef = EED7A5C419269A6400F55D19 /* note17.mp3 */; };
		EED7A5E619269A6400F55D19 /* note18.mp3 in Resources */ = {isa = PBXBuildFile; fileRef = EED7A5C519269A6400F55D19 /* note18.mp3 */; };
		EED7A5E719269A6400F55D19 /* note19.mp3 in Resources */ = {isa = PBXBuildFile; fileRef = EED7A5C619269A6400F55D19 /* note19.mp3 */; };
		EED7A5E819269A6400F55D19 /* note20.mp3 in Resources */ = {isa = PBXBuildFile; fileRef = EED7A5C719269A6400F55D19 /* note20.mp3 */; };
		EED7A5E919269A6400F55D19 /* note21.mp3 in Resources */ = {isa = PBXBuildFile; fileRef = EED7A5C819269A6400F55D19 /* note21.mp3 */; };
		EED7A5EA19269A6400F55D19 /* note22.mp3 in Resources */ = {isa = PBXBuildFile; fileRef = EED7A5C919269A6400F55D19 /* note22.mp3 */; };
		EED7A5EB19269A6400F55D19 /* note23.mp3 in Resources */ = {isa = PBXBuildFile; fileRef = EED7A5CA19269A6400F55D19 /* note23.mp3 */; };
		EED7A5EC19269A6400F55D19 /* note24.mp3 in Resources */ = {isa = PBXBuildFile; fileRef = EED7A5CB19269A6400F55D19 /* note24.mp3 */; };
		EED7A5ED19269A6400F55D19 /* note25.mp3 in Resources */ = {isa = PBXBuildFile; fileRef = EED7A5CC19269A6400F55D19 /* note25.mp3 */; };
		EED7A5EE19269A6400F55D19 /* note26.mp3 in Resources */ = {isa = PBXBuildFile; fileRef = EED7A5CD19269A6400F55D19 /* note26.mp3 */; };
		EED7A5EF19269A6400F55D19 /* note27.mp3 in Resources */ = {isa = PBXBuildFile; fileRef = EED7A5CE19269A6400F55D19 /* note27.mp3 */; };
		EED7A5F019269A6400F55D19 /* note28.mp3 in Resources */ = {isa = PBXBuildFile; fileRef = EED7A5CF19269A6400F55D19 /* note28.mp3 */; };
		EED7A5F119269A6400F55D19 /* note29.mp3 in Resources */ = {isa = PBXBuildFile; fileRef = EED7A5D019269A6400F55D19 /* note29.mp3 */; };
		EED7A5F219269A6400F55D19 /* note30.mp3 in Resources */ = {isa = PBXBuildFile; fileRef = EED7A5D119269A6400F55D19 /* note30.mp3 */; };
		EED7A5F319269A6400F55D19 /* note31.mp3 in Resources */ = {isa = PBXBuildFile; fileRef = EED7A5D219269A6400F55D19 /* note31.mp3 */; };
		EED7A5F419269A6400F55D19 /* note32.mp3 in Resources */ = {isa = PBXBuildFile; fileRef = EED7A5D319269A6400F55D19 /* note32.mp3 */; };
		EED7A5F519269A6400F55D19 /* note111.mp3 in Resources */ = {isa = PBXBuildFile; fileRef = EED7A5D419269A6400F55D19 /* note111.mp3 */; };
		EEE9D7A619258C6500704144 /* game-over.png in Resources */ = {isa = PBXBuildFile; fileRef = EEE9D7A419258C6500704144 /* game-over.png */; };
		EEE9D7A719258C6500704144 /* logo.png in Resources */ = {isa = PBXBuildFile; fileRef = EEE9D7A519258C6500704144 /* logo.png */; };
/* End PBXBuildFile section */

/* Begin PBXContainerItemProxy section */
		EEAD1398191E6CC000760F1E /* PBXContainerItemProxy */ = {
			isa = PBXContainerItemProxy;
			containerPortal = EEAD1363191E6CBF00760F1E /* Project object */;
			proxyType = 1;
			remoteGlobalIDString = EEAD136A191E6CBF00760F1E;
			remoteInfo = steps;
		};
/* End PBXContainerItemProxy section */

/* Begin PBXFileReference section */
		EE1EFD61192322C500EC9E14 /* MyParticle.sks */ = {isa = PBXFileReference; lastKnownFileType = file.sks; path = MyParticle.sks; sourceTree = "<group>"; };
		EE1EFD62192322C500EC9E14 /* spark.png */ = {isa = PBXFileReference; lastKnownFileType = image.png; path = spark.png; sourceTree = "<group>"; };
		EE276E8819228C0B00A9DA32 /* bg2.png */ = {isa = PBXFileReference; lastKnownFileType = image.png; path = bg2.png; sourceTree = "<group>"; };
		EE318AB8191E832F00D5A117 /* STNoteHelper.h */ = {isa = PBXFileReference; fileEncoding = 4; lastKnownFileType = sourcecode.c.h; path = STNoteHelper.h; sourceTree = "<group>"; };
		EE318AB9191E832F00D5A117 /* STNoteHelper.m */ = {isa = PBXFileReference; fileEncoding = 4; lastKnownFileType = sourcecode.c.objc; path = STNoteHelper.m; sourceTree = "<group>"; };
		EE318ABC191EB23D00D5A117 /* STNoteSpriteNode.h */ = {isa = PBXFileReference; fileEncoding = 4; lastKnownFileType = sourcecode.c.h; path = STNoteSpriteNode.h; sourceTree = "<group>"; };
		EE318ABD191EB23D00D5A117 /* STNoteSpriteNode.m */ = {isa = PBXFileReference; fileEncoding = 4; lastKnownFileType = sourcecode.c.objc; path = STNoteSpriteNode.m; sourceTree = "<group>"; };
		EE318ABF191EDBFD00D5A117 /* STFileHelper.h */ = {isa = PBXFileReference; fileEncoding = 4; lastKnownFileType = sourcecode.c.h; path = STFileHelper.h; sourceTree = "<group>"; };
		EE318AC0191EDBFD00D5A117 /* STFileHelper.m */ = {isa = PBXFileReference; fileEncoding = 4; lastKnownFileType = sourcecode.c.objc; path = STFileHelper.m; sourceTree = "<group>"; };
		EE318ADC192026DC00D5A117 /* b-4blue.png */ = {isa = PBXFileReference; lastKnownFileType = image.png; path = "b-4blue.png"; sourceTree = "<group>"; };
		EE318ADD192026DC00D5A117 /* b-5green.png */ = {isa = PBXFileReference; lastKnownFileType = image.png; path = "b-5green.png"; sourceTree = "<group>"; };
		EE318ADE192026DC00D5A117 /* b-7orange.png */ = {isa = PBXFileReference; lastKnownFileType = image.png; path = "b-7orange.png"; sourceTree = "<group>"; };
		EE318ADF192026DC00D5A117 /* b-2pink.png */ = {isa = PBXFileReference; lastKnownFileType = image.png; path = "b-2pink.png"; sourceTree = "<group>"; };
		EE318AE0192026DC00D5A117 /* b-3purple.png */ = {isa = PBXFileReference; lastKnownFileType = image.png; path = "b-3purple.png"; sourceTree = "<group>"; };
		EE318AE1192026DC00D5A117 /* b-1red.png */ = {isa = PBXFileReference; lastKnownFileType = image.png; path = "b-1red.png"; sourceTree = "<group>"; };
		EE318AE2192026DC00D5A117 /* b-6yellow.png */ = {isa = PBXFileReference; lastKnownFileType = image.png; path = "b-6yellow.png"; sourceTree = "<group>"; };
		EE318AE3192026DC00D5A117 /* btn-easy.png */ = {isa = PBXFileReference; lastKnownFileType = image.png; path = "btn-easy.png"; sourceTree = "<group>"; };
		EE318AE4192026DC00D5A117 /* btn-hard.png */ = {isa = PBXFileReference; lastKnownFileType = image.png; path = "btn-hard.png"; sourceTree = "<group>"; };
		EE318AE5192026DC00D5A117 /* btn-normal.png */ = {isa = PBXFileReference; lastKnownFileType = image.png; path = "btn-normal.png"; sourceTree = "<group>"; };
		EE318AE6192026DC00D5A117 /* la_linea.png */ = {isa = PBXFileReference; lastKnownFileType = image.png; path = la_linea.png; sourceTree = "<group>"; };
		EE318AE7192026DC00D5A117 /* note4blue.png */ = {isa = PBXFileReference; lastKnownFileType = image.png; path = note4blue.png; sourceTree = "<group>"; };
		EE318AE8192026DC00D5A117 /* note5green.png */ = {isa = PBXFileReference; lastKnownFileType = image.png; path = note5green.png; sourceTree = "<group>"; };
		EE318AE9192026DC00D5A117 /* note7orange.png */ = {isa = PBXFileReference; lastKnownFileType = image.png; path = note7orange.png; sourceTree = "<group>"; };
		EE318AEA192026DC00D5A117 /* note2pink.png */ = {isa = PBXFileReference; lastKnownFileType = image.png; path = note2pink.png; sourceTree = "<group>"; };
		EE318AEB192026DC00D5A117 /* note3purple.png */ = {isa = PBXFileReference; lastKnownFileType = image.png; path = note3purple.png; sourceTree = "<group>"; };
		EE318AEC192026DC00D5A117 /* note1red.png */ = {isa = PBXFileReference; lastKnownFileType = image.png; path = note1red.png; sourceTree = "<group>"; };
		EE318AED192026DC00D5A117 /* note6yellow.png */ = {isa = PBXFileReference; lastKnownFileType = image.png; path = note6yellow.png; sourceTree = "<group>"; };
		EEA286FA192777FA000D4DA7 /* b-gray.png */ = {isa = PBXFileReference; lastKnownFileType = image.png; path = "b-gray.png"; sourceTree = "<group>"; };
		EEAA8BB9192580DC0089373F /* STGameStartScene.h */ = {isa = PBXFileReference; fileEncoding = 4; lastKnownFileType = sourcecode.c.h; path = STGameStartScene.h; sourceTree = "<group>"; };
		EEAA8BBA192580DC0089373F /* STGameStartScene.m */ = {isa = PBXFileReference; fileEncoding = 4; lastKnownFileType = sourcecode.c.objc; path = STGameStartScene.m; sourceTree = "<group>"; };
		EEAA8BBE1925816E0089373F /* btn-menu.png */ = {isa = PBXFileReference; lastKnownFileType = image.png; path = "btn-menu.png"; sourceTree = "<group>"; };
		EEAA8BBF1925816E0089373F /* btn-retry.png */ = {isa = PBXFileReference; lastKnownFileType = image.png; path = "btn-retry.png"; sourceTree = "<group>"; };
		EEAA8BC21925863E0089373F /* ModeEnum.h */ = {isa = PBXFileReference; lastKnownFileType = sourcecode.c.h; path = ModeEnum.h; sourceTree = "<group>"; };
		EEAD136B191E6CBF00760F1E /* steps.app */ = {isa = PBXFileReference; explicitFileType = wrapper.application; includeInIndex = 0; path = steps.app; sourceTree = BUILT_PRODUCTS_DIR; };
		EEAD136E191E6CBF00760F1E /* Foundation.framework */ = {isa = PBXFileReference; lastKnownFileType = wrapper.framework; name = Foundation.framework; path = System/Library/Frameworks/Foundation.framework; sourceTree = SDKROOT; };
		EEAD1370191E6CBF00760F1E /* CoreGraphics.framework */ = {isa = PBXFileReference; lastKnownFileType = wrapper.framework; name = CoreGraphics.framework; path = System/Library/Frameworks/CoreGraphics.framework; sourceTree = SDKROOT; };
		EEAD1372191E6CBF00760F1E /* UIKit.framework */ = {isa = PBXFileReference; lastKnownFileType = wrapper.framework; name = UIKit.framework; path = System/Library/Frameworks/UIKit.framework; sourceTree = SDKROOT; };
		EEAD1374191E6CBF00760F1E /* SpriteKit.framework */ = {isa = PBXFileReference; lastKnownFileType = wrapper.framework; name = SpriteKit.framework; path = System/Library/Frameworks/SpriteKit.framework; sourceTree = SDKROOT; };
		EEAD1378191E6CBF00760F1E /* steps-Info.plist */ = {isa = PBXFileReference; lastKnownFileType = text.plist.xml; path = "steps-Info.plist"; sourceTree = "<group>"; };
		EEAD137A191E6CBF00760F1E /* en */ = {isa = PBXFileReference; lastKnownFileType = text.plist.strings; name = en; path = en.lproj/InfoPlist.strings; sourceTree = "<group>"; };
		EEAD137C191E6CBF00760F1E /* main.m */ = {isa = PBXFileReference; lastKnownFileType = sourcecode.c.objc; path = main.m; sourceTree = "<group>"; };
		EEAD137E191E6CBF00760F1E /* steps-Prefix.pch */ = {isa = PBXFileReference; lastKnownFileType = sourcecode.c.h; path = "steps-Prefix.pch"; sourceTree = "<group>"; };
		EEAD137F191E6CBF00760F1E /* STAppDelegate.h */ = {isa = PBXFileReference; lastKnownFileType = sourcecode.c.h; path = STAppDelegate.h; sourceTree = "<group>"; };
		EEAD1380191E6CBF00760F1E /* STAppDelegate.m */ = {isa = PBXFileReference; lastKnownFileType = sourcecode.c.objc; path = STAppDelegate.m; sourceTree = "<group>"; };
		EEAD1383191E6CBF00760F1E /* Base */ = {isa = PBXFileReference; lastKnownFileType = file.storyboard; name = Base; path = Base.lproj/Main.storyboard; sourceTree = "<group>"; };
		EEAD1385191E6CBF00760F1E /* STViewController.h */ = {isa = PBXFileReference; lastKnownFileType = sourcecode.c.h; path = STViewController.h; sourceTree = "<group>"; };
		EEAD1386191E6CBF00760F1E /* STViewController.m */ = {isa = PBXFileReference; lastKnownFileType = sourcecode.c.objc; path = STViewController.m; sourceTree = "<group>"; };
		EEAD1388191E6CBF00760F1E /* STMyScene.h */ = {isa = PBXFileReference; lastKnownFileType = sourcecode.c.h; path = STMyScene.h; sourceTree = "<group>"; };
		EEAD1389191E6CBF00760F1E /* STMyScene.m */ = {isa = PBXFileReference; lastKnownFileType = sourcecode.c.objc; path = STMyScene.m; sourceTree = "<group>"; };
		EEAD138D191E6CBF00760F1E /* Images.xcassets */ = {isa = PBXFileReference; lastKnownFileType = folder.assetcatalog; path = Images.xcassets; sourceTree = "<group>"; };
		EEAD1393191E6CBF00760F1E /* stepsTests.xctest */ = {isa = PBXFileReference; explicitFileType = wrapper.cfbundle; includeInIndex = 0; path = stepsTests.xctest; sourceTree = BUILT_PRODUCTS_DIR; };
		EEAD1394191E6CBF00760F1E /* XCTest.framework */ = {isa = PBXFileReference; lastKnownFileType = wrapper.framework; name = XCTest.framework; path = Library/Frameworks/XCTest.framework; sourceTree = DEVELOPER_DIR; };
		EEAD139C191E6CC000760F1E /* stepsTests-Info.plist */ = {isa = PBXFileReference; lastKnownFileType = text.plist.xml; path = "stepsTests-Info.plist"; sourceTree = "<group>"; };
		EEAD139E191E6CC000760F1E /* en */ = {isa = PBXFileReference; lastKnownFileType = text.plist.strings; name = en; path = en.lproj/InfoPlist.strings; sourceTree = "<group>"; };
		EEAD13A0191E6CC000760F1E /* stepsTests.m */ = {isa = PBXFileReference; lastKnownFileType = sourcecode.c.objc; path = stepsTests.m; sourceTree = "<group>"; };
		EED7A59F1926860B00F55D19 /* STGameOverScene.h */ = {isa = PBXFileReference; fileEncoding = 4; lastKnownFileType = sourcecode.c.h; path = STGameOverScene.h; sourceTree = "<group>"; };
		EED7A5A01926860B00F55D19 /* STGameOverScene.m */ = {isa = PBXFileReference; fileEncoding = 4; lastKnownFileType = sourcecode.c.objc; path = STGameOverScene.m; sourceTree = "<group>"; };
		EED7A5B419269A6400F55D19 /* note1.mp3 */ = {isa = PBXFileReference; lastKnownFileType = audio.mp3; path = note1.mp3; sourceTree = "<group>"; };
		EED7A5B519269A6400F55D19 /* note2.mp3 */ = {isa = PBXFileReference; lastKnownFileType = audio.mp3; path = note2.mp3; sourceTree = "<group>"; };
		EED7A5B619269A6400F55D19 /* note3.mp3 */ = {isa = PBXFileReference; lastKnownFileType = audio.mp3; path = note3.mp3; sourceTree = "<group>"; };
		EED7A5B719269A6400F55D19 /* note4.mp3 */ = {isa = PBXFileReference; lastKnownFileType = audio.mp3; path = note4.mp3; sourceTree = "<group>"; };
		EED7A5B819269A6400F55D19 /* note5.mp3 */ = {isa = PBXFileReference; lastKnownFileType = audio.mp3; path = note5.mp3; sourceTree = "<group>"; };
		EED7A5B919269A6400F55D19 /* note6.mp3 */ = {isa = PBXFileReference; lastKnownFileType = audio.mp3; path = note6.mp3; sourceTree = "<group>"; };
		EED7A5BA19269A6400F55D19 /* note7.mp3 */ = {isa = PBXFileReference; lastKnownFileType = audio.mp3; path = note7.mp3; sourceTree = "<group>"; };
		EED7A5BB19269A6400F55D19 /* note8.mp3 */ = {isa = PBXFileReference; lastKnownFileType = audio.mp3; path = note8.mp3; sourceTree = "<group>"; };
		EED7A5BC19269A6400F55D19 /* note9.mp3 */ = {isa = PBXFileReference; lastKnownFileType = audio.mp3; path = note9.mp3; sourceTree = "<group>"; };
		EED7A5BD19269A6400F55D19 /* note10.mp3 */ = {isa = PBXFileReference; lastKnownFileType = audio.mp3; path = note10.mp3; sourceTree = "<group>"; };
		EED7A5BE19269A6400F55D19 /* note11.mp3 */ = {isa = PBXFileReference; lastKnownFileType = audio.mp3; path = note11.mp3; sourceTree = "<group>"; };
		EED7A5BF19269A6400F55D19 /* note12.mp3 */ = {isa = PBXFileReference; lastKnownFileType = audio.mp3; path = note12.mp3; sourceTree = "<group>"; };
		EED7A5C019269A6400F55D19 /* note13.mp3 */ = {isa = PBXFileReference; lastKnownFileType = audio.mp3; path = note13.mp3; sourceTree = "<group>"; };
		EED7A5C119269A6400F55D19 /* note14.mp3 */ = {isa = PBXFileReference; lastKnownFileType = audio.mp3; path = note14.mp3; sourceTree = "<group>"; };
		EED7A5C219269A6400F55D19 /* note15.mp3 */ = {isa = PBXFileReference; lastKnownFileType = audio.mp3; path = note15.mp3; sourceTree = "<group>"; };
		EED7A5C319269A6400F55D19 /* note16.mp3 */ = {isa = PBXFileReference; lastKnownFileType = audio.mp3; path = note16.mp3; sourceTree = "<group>"; };
		EED7A5C419269A6400F55D19 /* note17.mp3 */ = {isa = PBXFileReference; lastKnownFileType = audio.mp3; path = note17.mp3; sourceTree = "<group>"; };
		EED7A5C519269A6400F55D19 /* note18.mp3 */ = {isa = PBXFileReference; lastKnownFileType = audio.mp3; path = note18.mp3; sourceTree = "<group>"; };
		EED7A5C619269A6400F55D19 /* note19.mp3 */ = {isa = PBXFileReference; lastKnownFileType = audio.mp3; path = note19.mp3; sourceTree = "<group>"; };
		EED7A5C719269A6400F55D19 /* note20.mp3 */ = {isa = PBXFileReference; lastKnownFileType = audio.mp3; path = note20.mp3; sourceTree = "<group>"; };
		EED7A5C819269A6400F55D19 /* note21.mp3 */ = {isa = PBXFileReference; lastKnownFileType = audio.mp3; path = note21.mp3; sourceTree = "<group>"; };
		EED7A5C919269A6400F55D19 /* note22.mp3 */ = {isa = PBXFileReference; lastKnownFileType = audio.mp3; path = note22.mp3; sourceTree = "<group>"; };
		EED7A5CA19269A6400F55D19 /* note23.mp3 */ = {isa = PBXFileReference; lastKnownFileType = audio.mp3; path = note23.mp3; sourceTree = "<group>"; };
		EED7A5CB19269A6400F55D19 /* note24.mp3 */ = {isa = PBXFileReference; lastKnownFileType = audio.mp3; path = note24.mp3; sourceTree = "<group>"; };
		EED7A5CC19269A6400F55D19 /* note25.mp3 */ = {isa = PBXFileReference; lastKnownFileType = audio.mp3; path = note25.mp3; sourceTree = "<group>"; };
		EED7A5CD19269A6400F55D19 /* note26.mp3 */ = {isa = PBXFileReference; lastKnownFileType = audio.mp3; path = note26.mp3; sourceTree = "<group>"; };
		EED7A5CE19269A6400F55D19 /* note27.mp3 */ = {isa = PBXFileReference; lastKnownFileType = audio.mp3; path = note27.mp3; sourceTree = "<group>"; };
		EED7A5CF19269A6400F55D19 /* note28.mp3 */ = {isa = PBXFileReference; lastKnownFileType = audio.mp3; path = note28.mp3; sourceTree = "<group>"; };
		EED7A5D019269A6400F55D19 /* note29.mp3 */ = {isa = PBXFileReference; lastKnownFileType = audio.mp3; path = note29.mp3; sourceTree = "<group>"; };
		EED7A5D119269A6400F55D19 /* note30.mp3 */ = {isa = PBXFileReference; lastKnownFileType = audio.mp3; path = note30.mp3; sourceTree = "<group>"; };
		EED7A5D219269A6400F55D19 /* note31.mp3 */ = {isa = PBXFileReference; lastKnownFileType = audio.mp3; path = note31.mp3; sourceTree = "<group>"; };
		EED7A5D319269A6400F55D19 /* note32.mp3 */ = {isa = PBXFileReference; lastKnownFileType = audio.mp3; path = note32.mp3; sourceTree = "<group>"; };
		EED7A5D419269A6400F55D19 /* note111.mp3 */ = {isa = PBXFileReference; lastKnownFileType = audio.mp3; path = note111.mp3; sourceTree = "<group>"; };
		EEE9D7A419258C6500704144 /* game-over.png */ = {isa = PBXFileReference; lastKnownFileType = image.png; path = "game-over.png"; sourceTree = "<group>"; };
		EEE9D7A519258C6500704144 /* logo.png */ = {isa = PBXFileReference; lastKnownFileType = image.png; path = logo.png; sourceTree = "<group>"; };
/* End PBXFileReference section */

/* Begin PBXFrameworksBuildPhase section */
		EEAD1368191E6CBF00760F1E /* Frameworks */ = {
			isa = PBXFrameworksBuildPhase;
			buildActionMask = 2147483647;
			files = (
				EEAD1371191E6CBF00760F1E /* CoreGraphics.framework in Frameworks */,
				EEAD1373191E6CBF00760F1E /* UIKit.framework in Frameworks */,
				EEAD1375191E6CBF00760F1E /* SpriteKit.framework in Frameworks */,
				EEAD136F191E6CBF00760F1E /* Foundation.framework in Frameworks */,
			);
			runOnlyForDeploymentPostprocessing = 0;
		};
		EEAD1390191E6CBF00760F1E /* Frameworks */ = {
			isa = PBXFrameworksBuildPhase;
			buildActionMask = 2147483647;
			files = (
				EEAD1395191E6CBF00760F1E /* XCTest.framework in Frameworks */,
				EEAD1397191E6CC000760F1E /* UIKit.framework in Frameworks */,
				EEAD1396191E6CC000760F1E /* Foundation.framework in Frameworks */,
			);
			runOnlyForDeploymentPostprocessing = 0;
		};
/* End PBXFrameworksBuildPhase section */

/* Begin PBXGroup section */
		EE276E8A19228E8E00A9DA32 /* iPad */ = {
			isa = PBXGroup;
			children = (
			);
			name = iPad;
			sourceTree = "<group>";
		};
		EE318AB5191E825400D5A117 /* Controller */ = {
			isa = PBXGroup;
			children = (
				EEAD1385191E6CBF00760F1E /* STViewController.h */,
				EEAD1386191E6CBF00760F1E /* STViewController.m */,
			);
			name = Controller;
			sourceTree = "<group>";
		};
		EE318AB6191E825F00D5A117 /* Scene */ = {
			isa = PBXGroup;
			children = (
				EED7A59F1926860B00F55D19 /* STGameOverScene.h */,
				EED7A5A01926860B00F55D19 /* STGameOverScene.m */,
				EEAD1388191E6CBF00760F1E /* STMyScene.h */,
				EEAD1389191E6CBF00760F1E /* STMyScene.m */,
				EEAA8BB9192580DC0089373F /* STGameStartScene.h */,
				EEAA8BBA192580DC0089373F /* STGameStartScene.m */,
			);
			name = Scene;
			sourceTree = "<group>";
		};
		EE318AB7191E830D00D5A117 /* Helper */ = {
			isa = PBXGroup;
			children = (
				EE318AB8191E832F00D5A117 /* STNoteHelper.h */,
				EE318AB9191E832F00D5A117 /* STNoteHelper.m */,
				EE318ABF191EDBFD00D5A117 /* STFileHelper.h */,
				EE318AC0191EDBFD00D5A117 /* STFileHelper.m */,
			);
			name = Helper;
			sourceTree = "<group>";
		};
		EE318ABB191E932000D5A117 /* Model */ = {
			isa = PBXGroup;
			children = (
				EE318ABC191EB23D00D5A117 /* STNoteSpriteNode.h */,
				EE318ABD191EB23D00D5A117 /* STNoteSpriteNode.m */,
			);
			name = Model;
			sourceTree = "<group>";
		};
		EE318ACC191EE6B600D5A117 /* Images */ = {
			isa = PBXGroup;
			children = (
				EEA286FA192777FA000D4DA7 /* b-gray.png */,
				EEE9D7A419258C6500704144 /* game-over.png */,
				EEE9D7A519258C6500704144 /* logo.png */,
				EE276E8819228C0B00A9DA32 /* bg2.png */,
				EEAA8BBE1925816E0089373F /* btn-menu.png */,
				EEAA8BBF1925816E0089373F /* btn-retry.png */,
				EE318ADC192026DC00D5A117 /* b-4blue.png */,
				EE318ADD192026DC00D5A117 /* b-5green.png */,
				EE318ADE192026DC00D5A117 /* b-7orange.png */,
				EE318ADF192026DC00D5A117 /* b-2pink.png */,
				EE318AE0192026DC00D5A117 /* b-3purple.png */,
				EE318AE1192026DC00D5A117 /* b-1red.png */,
				EE318AE2192026DC00D5A117 /* b-6yellow.png */,
				EE318AE3192026DC00D5A117 /* btn-easy.png */,
				EE318AE4192026DC00D5A117 /* btn-hard.png */,
				EE318AE5192026DC00D5A117 /* btn-normal.png */,
				EE318AE6192026DC00D5A117 /* la_linea.png */,
				EE318AE7192026DC00D5A117 /* note4blue.png */,
				EE318AE8192026DC00D5A117 /* note5green.png */,
				EE318AE9192026DC00D5A117 /* note7orange.png */,
				EE318AEA192026DC00D5A117 /* note2pink.png */,
				EE318AEB192026DC00D5A117 /* note3purple.png */,
				EE318AEC192026DC00D5A117 /* note1red.png */,
				EE318AED192026DC00D5A117 /* note6yellow.png */,
			);
			name = Images;
			sourceTree = "<group>";
		};
		EE318ACD191EE99B00D5A117 /* Music */ = {
			isa = PBXGroup;
			children = (
				EED7A5B419269A6400F55D19 /* note1.mp3 */,
				EED7A5B519269A6400F55D19 /* note2.mp3 */,
				EED7A5B619269A6400F55D19 /* note3.mp3 */,
				EED7A5B719269A6400F55D19 /* note4.mp3 */,
				EED7A5B819269A6400F55D19 /* note5.mp3 */,
				EED7A5B919269A6400F55D19 /* note6.mp3 */,
				EED7A5BA19269A6400F55D19 /* note7.mp3 */,
				EED7A5BB19269A6400F55D19 /* note8.mp3 */,
				EED7A5BC19269A6400F55D19 /* note9.mp3 */,
				EED7A5BD19269A6400F55D19 /* note10.mp3 */,
				EED7A5BE19269A6400F55D19 /* note11.mp3 */,
				EED7A5BF19269A6400F55D19 /* note12.mp3 */,
				EED7A5C019269A6400F55D19 /* note13.mp3 */,
				EED7A5C119269A6400F55D19 /* note14.mp3 */,
				EED7A5C219269A6400F55D19 /* note15.mp3 */,
				EED7A5C319269A6400F55D19 /* note16.mp3 */,
				EED7A5C419269A6400F55D19 /* note17.mp3 */,
				EED7A5C519269A6400F55D19 /* note18.mp3 */,
				EED7A5C619269A6400F55D19 /* note19.mp3 */,
				EED7A5C719269A6400F55D19 /* note20.mp3 */,
				EED7A5C819269A6400F55D19 /* note21.mp3 */,
				EED7A5C919269A6400F55D19 /* note22.mp3 */,
				EED7A5CA19269A6400F55D19 /* note23.mp3 */,
				EED7A5CB19269A6400F55D19 /* note24.mp3 */,
				EED7A5CC19269A6400F55D19 /* note25.mp3 */,
				EED7A5CD19269A6400F55D19 /* note26.mp3 */,
				EED7A5CE19269A6400F55D19 /* note27.mp3 */,
				EED7A5CF19269A6400F55D19 /* note28.mp3 */,
				EED7A5D019269A6400F55D19 /* note29.mp3 */,
				EED7A5D119269A6400F55D19 /* note30.mp3 */,
				EED7A5D219269A6400F55D19 /* note31.mp3 */,
				EED7A5D319269A6400F55D19 /* note32.mp3 */,
				EED7A5D419269A6400F55D19 /* note111.mp3 */,
			);
			name = Music;
			sourceTree = "<group>";
		};
		EE838FA81923177200FC067B /* Particle */ = {
			isa = PBXGroup;
			children = (
				EE1EFD61192322C500EC9E14 /* MyParticle.sks */,
				EE1EFD62192322C500EC9E14 /* spark.png */,
			);
			name = Particle;
			sourceTree = "<group>";
		};
		EEAD1362191E6CBF00760F1E = {
			isa = PBXGroup;
			children = (
				EEAD1376191E6CBF00760F1E /* steps */,
				EEAD139A191E6CC000760F1E /* stepsTests */,
				EEAD136D191E6CBF00760F1E /* Frameworks */,
				EEAD136C191E6CBF00760F1E /* Products */,
			);
			sourceTree = "<group>";
		};
		EEAD136C191E6CBF00760F1E /* Products */ = {
			isa = PBXGroup;
			children = (
				EEAD136B191E6CBF00760F1E /* steps.app */,
				EEAD1393191E6CBF00760F1E /* stepsTests.xctest */,
			);
			name = Products;
			sourceTree = "<group>";
		};
		EEAD136D191E6CBF00760F1E /* Frameworks */ = {
			isa = PBXGroup;
			children = (
				EEAD136E191E6CBF00760F1E /* Foundation.framework */,
				EEAD1370191E6CBF00760F1E /* CoreGraphics.framework */,
				EEAD1372191E6CBF00760F1E /* UIKit.framework */,
				EEAD1374191E6CBF00760F1E /* SpriteKit.framework */,
				EEAD1394191E6CBF00760F1E /* XCTest.framework */,
			);
			name = Frameworks;
			sourceTree = "<group>";
		};
		EEAD1376191E6CBF00760F1E /* steps */ = {
			isa = PBXGroup;
			children = (
				EE838FA81923177200FC067B /* Particle */,
				EE276E8A19228E8E00A9DA32 /* iPad */,
				EE318ACD191EE99B00D5A117 /* Music */,
				EE318ACC191EE6B600D5A117 /* Images */,
				EE318ABB191E932000D5A117 /* Model */,
				EE318AB7191E830D00D5A117 /* Helper */,
				EE318AB6191E825F00D5A117 /* Scene */,
				EE318AB5191E825400D5A117 /* Controller */,
				EEAD137F191E6CBF00760F1E /* STAppDelegate.h */,
				EEAD1380191E6CBF00760F1E /* STAppDelegate.m */,
				EEAA8BC21925863E0089373F /* ModeEnum.h */,
				EEAD1382191E6CBF00760F1E /* Main.storyboard */,
				EEAD138D191E6CBF00760F1E /* Images.xcassets */,
				EEAD1377191E6CBF00760F1E /* Supporting Files */,
			);
			path = steps;
			sourceTree = "<group>";
		};
		EEAD1377191E6CBF00760F1E /* Supporting Files */ = {
			isa = PBXGroup;
			children = (
				EEAD1378191E6CBF00760F1E /* steps-Info.plist */,
				EEAD1379191E6CBF00760F1E /* InfoPlist.strings */,
				EEAD137C191E6CBF00760F1E /* main.m */,
				EEAD137E191E6CBF00760F1E /* steps-Prefix.pch */,
			);
			name = "Supporting Files";
			sourceTree = "<group>";
		};
		EEAD139A191E6CC000760F1E /* stepsTests */ = {
			isa = PBXGroup;
			children = (
				EEAD13A0191E6CC000760F1E /* stepsTests.m */,
				EEAD139B191E6CC000760F1E /* Supporting Files */,
			);
			path = stepsTests;
			sourceTree = "<group>";
		};
		EEAD139B191E6CC000760F1E /* Supporting Files */ = {
			isa = PBXGroup;
			children = (
				EEAD139C191E6CC000760F1E /* stepsTests-Info.plist */,
				EEAD139D191E6CC000760F1E /* InfoPlist.strings */,
			);
			name = "Supporting Files";
			sourceTree = "<group>";
		};
/* End PBXGroup section */

/* Begin PBXNativeTarget section */
		EEAD136A191E6CBF00760F1E /* steps */ = {
			isa = PBXNativeTarget;
			buildConfigurationList = EEAD13A4191E6CC000760F1E /* Build configuration list for PBXNativeTarget "steps" */;
			buildPhases = (
				EEAD1367191E6CBF00760F1E /* Sources */,
				EEAD1368191E6CBF00760F1E /* Frameworks */,
				EEAD1369191E6CBF00760F1E /* Resources */,
			);
			buildRules = (
			);
			dependencies = (
			);
			name = steps;
			productName = steps;
			productReference = EEAD136B191E6CBF00760F1E /* steps.app */;
			productType = "com.apple.product-type.application";
		};
		EEAD1392191E6CBF00760F1E /* stepsTests */ = {
			isa = PBXNativeTarget;
			buildConfigurationList = EEAD13A7191E6CC000760F1E /* Build configuration list for PBXNativeTarget "stepsTests" */;
			buildPhases = (
				EEAD138F191E6CBF00760F1E /* Sources */,
				EEAD1390191E6CBF00760F1E /* Frameworks */,
				EEAD1391191E6CBF00760F1E /* Resources */,
			);
			buildRules = (
			);
			dependencies = (
				EEAD1399191E6CC000760F1E /* PBXTargetDependency */,
			);
			name = stepsTests;
			productName = stepsTests;
			productReference = EEAD1393191E6CBF00760F1E /* stepsTests.xctest */;
			productType = "com.apple.product-type.bundle.unit-test";
		};
/* End PBXNativeTarget section */

/* Begin PBXProject section */
		EEAD1363191E6CBF00760F1E /* Project object */ = {
			isa = PBXProject;
			attributes = {
				CLASSPREFIX = ST;
				LastUpgradeCheck = 0510;
				ORGANIZATIONNAME = flav;
				TargetAttributes = {
					EEAD1392191E6CBF00760F1E = {
						TestTargetID = EEAD136A191E6CBF00760F1E;
					};
				};
			};
			buildConfigurationList = EEAD1366191E6CBF00760F1E /* Build configuration list for PBXProject "steps" */;
			compatibilityVersion = "Xcode 3.2";
			developmentRegion = English;
			hasScannedForEncodings = 0;
			knownRegions = (
				en,
				Base,
			);
			mainGroup = EEAD1362191E6CBF00760F1E;
			productRefGroup = EEAD136C191E6CBF00760F1E /* Products */;
			projectDirPath = "";
			projectRoot = "";
			targets = (
				EEAD136A191E6CBF00760F1E /* steps */,
				EEAD1392191E6CBF00760F1E /* stepsTests */,
			);
		};
/* End PBXProject section */

/* Begin PBXResourcesBuildPhase section */
		EEAD1369191E6CBF00760F1E /* Resources */ = {
			isa = PBXResourcesBuildPhase;
			buildActionMask = 2147483647;
			files = (
				EED7A5F019269A6400F55D19 /* note28.mp3 in Resources */,
				EE318AF8192026DC00D5A117 /* la_linea.png in Resources */,
				EED7A5E019269A6400F55D19 /* note12.mp3 in Resources */,
				EE318AFF192026DC00D5A117 /* note6yellow.png in Resources */,
				EEAA8BC11925816E0089373F /* btn-retry.png in Resources */,
				EED7A5EE19269A6400F55D19 /* note26.mp3 in Resources */,
				EED7A5EB19269A6400F55D19 /* note23.mp3 in Resources */,
				EE1EFD64192322C500EC9E14 /* spark.png in Resources */,
				EED7A5D519269A6400F55D19 /* note1.mp3 in Resources */,
				EED7A5EA19269A6400F55D19 /* note22.mp3 in Resources */,
				EED7A5F119269A6400F55D19 /* note29.mp3 in Resources */,
				EED7A5EC19269A6400F55D19 /* note24.mp3 in Resources */,
				EE318AF5192026DC00D5A117 /* btn-easy.png in Resources */,
				EE318AEE192026DC00D5A117 /* b-4blue.png in Resources */,
				EED7A5D719269A6400F55D19 /* note3.mp3 in Resources */,
				EED7A5F519269A6400F55D19 /* note111.mp3 in Resources */,
				EED7A5E619269A6400F55D19 /* note18.mp3 in Resources */,
				EED7A5ED19269A6400F55D19 /* note25.mp3 in Resources */,
				EED7A5F219269A6400F55D19 /* note30.mp3 in Resources */,
				EED7A5F319269A6400F55D19 /* note31.mp3 in Resources */,
				EED7A5DF19269A6400F55D19 /* note11.mp3 in Resources */,
				EEE9D7A719258C6500704144 /* logo.png in Resources */,
				EED7A5E519269A6400F55D19 /* note17.mp3 in Resources */,
				EEA286FB192777FA000D4DA7 /* b-gray.png in Resources */,
				EED7A5DC19269A6400F55D19 /* note8.mp3 in Resources */,
				EED7A5DA19269A6400F55D19 /* note6.mp3 in Resources */,
				EEAA8BC01925816E0089373F /* btn-menu.png in Resources */,
				EED7A5E819269A6400F55D19 /* note20.mp3 in Resources */,
				EE318AF2192026DC00D5A117 /* b-3purple.png in Resources */,
				EE318AFA192026DC00D5A117 /* note5green.png in Resources */,
				EE318AFB192026DC00D5A117 /* note7orange.png in Resources */,
				EE318AF9192026DC00D5A117 /* note4blue.png in Resources */,
				EEAD137B191E6CBF00760F1E /* InfoPlist.strings in Resources */,
				EE318AF6192026DC00D5A117 /* btn-hard.png in Resources */,
				EED7A5D619269A6400F55D19 /* note2.mp3 in Resources */,
				EED7A5D819269A6400F55D19 /* note4.mp3 in Resources */,
				EE318AEF192026DC00D5A117 /* b-5green.png in Resources */,
				EED7A5E219269A6400F55D19 /* note14.mp3 in Resources */,
				EED7A5DD19269A6400F55D19 /* note9.mp3 in Resources */,
				EED7A5DB19269A6400F55D19 /* note7.mp3 in Resources */,
				EE318AFE192026DC00D5A117 /* note1red.png in Resources */,
				EE318AF1192026DC00D5A117 /* b-2pink.png in Resources */,
				EED7A5D919269A6400F55D19 /* note5.mp3 in Resources */,
				EED7A5E119269A6400F55D19 /* note13.mp3 in Resources */,
				EE318AF4192026DC00D5A117 /* b-6yellow.png in Resources */,
				EE318AF3192026DC00D5A117 /* b-1red.png in Resources */,
				EED7A5E919269A6400F55D19 /* note21.mp3 in Resources */,
				EED7A5EF19269A6400F55D19 /* note27.mp3 in Resources */,
				EE1EFD63192322C500EC9E14 /* MyParticle.sks in Resources */,
				EED7A5E419269A6400F55D19 /* note16.mp3 in Resources */,
				EED7A5DE19269A6400F55D19 /* note10.mp3 in Resources */,
				EE318AFD192026DC00D5A117 /* note3purple.png in Resources */,
				EED7A5E719269A6400F55D19 /* note19.mp3 in Resources */,
				EED7A5F419269A6400F55D19 /* note32.mp3 in Resources */,
				EEAD138E191E6CBF00760F1E /* Images.xcassets in Resources */,
				EEAD1384191E6CBF00760F1E /* Main.storyboard in Resources */,
				EE276E8919228C0B00A9DA32 /* bg2.png in Resources */,
				EED7A5E319269A6400F55D19 /* note15.mp3 in Resources */,
				EE318AF0192026DC00D5A117 /* b-7orange.png in Resources */,
				EE318AF7192026DC00D5A117 /* btn-normal.png in Resources */,
				EEE9D7A619258C6500704144 /* game-over.png in Resources */,
				EE318AFC192026DC00D5A117 /* note2pink.png in Resources */,
			);
			runOnlyForDeploymentPostprocessing = 0;
		};
		EEAD1391191E6CBF00760F1E /* Resources */ = {
			isa = PBXResourcesBuildPhase;
			buildActionMask = 2147483647;
			files = (
				EEAD139F191E6CC000760F1E /* InfoPlist.strings in Resources */,
			);
			runOnlyForDeploymentPostprocessing = 0;
		};
/* End PBXResourcesBuildPhase section */

/* Begin PBXSourcesBuildPhase section */
		EEAD1367191E6CBF00760F1E /* Sources */ = {
			isa = PBXSourcesBuildPhase;
			buildActionMask = 2147483647;
			files = (
				EEAA8BBD192580DC0089373F /* STGameStartScene.m in Sources */,
				EE318AC1191EDBFD00D5A117 /* STFileHelper.m in Sources */,
				EE318ABA191E832F00D5A117 /* STNoteHelper.m in Sources */,
				EE318ABE191EB23D00D5A117 /* STNoteSpriteNode.m in Sources */,
				EEAD1387191E6CBF00760F1E /* STViewController.m in Sources */,
				EED7A5A11926860B00F55D19 /* STGameOverScene.m in Sources */,
				EEAD138A191E6CBF00760F1E /* STMyScene.m in Sources */,
				EEAD137D191E6CBF00760F1E /* main.m in Sources */,
				EEAD1381191E6CBF00760F1E /* STAppDelegate.m in Sources */,
			);
			runOnlyForDeploymentPostprocessing = 0;
		};
		EEAD138F191E6CBF00760F1E /* Sources */ = {
			isa = PBXSourcesBuildPhase;
			buildActionMask = 2147483647;
			files = (
				EEAD13A1191E6CC000760F1E /* stepsTests.m in Sources */,
			);
			runOnlyForDeploymentPostprocessing = 0;
		};
/* End PBXSourcesBuildPhase section */

/* Begin PBXTargetDependency section */
		EEAD1399191E6CC000760F1E /* PBXTargetDependency */ = {
			isa = PBXTargetDependency;
			target = EEAD136A191E6CBF00760F1E /* steps */;
			targetProxy = EEAD1398191E6CC000760F1E /* PBXContainerItemProxy */;
		};
/* End PBXTargetDependency section */

/* Begin PBXVariantGroup section */
		EEAD1379191E6CBF00760F1E /* InfoPlist.strings */ = {
			isa = PBXVariantGroup;
			children = (
				EEAD137A191E6CBF00760F1E /* en */,
			);
			name = InfoPlist.strings;
			sourceTree = "<group>";
		};
		EEAD1382191E6CBF00760F1E /* Main.storyboard */ = {
			isa = PBXVariantGroup;
			children = (
				EEAD1383191E6CBF00760F1E /* Base */,
			);
			name = Main.storyboard;
			sourceTree = "<group>";
		};
		EEAD139D191E6CC000760F1E /* InfoPlist.strings */ = {
			isa = PBXVariantGroup;
			children = (
				EEAD139E191E6CC000760F1E /* en */,
			);
			name = InfoPlist.strings;
			sourceTree = "<group>";
		};
/* End PBXVariantGroup section */

/* Begin XCBuildConfiguration section */
		EEAD13A2191E6CC000760F1E /* Debug */ = {
			isa = XCBuildConfiguration;
			buildSettings = {
				ALWAYS_SEARCH_USER_PATHS = NO;
				CLANG_CXX_LANGUAGE_STANDARD = "gnu++0x";
				CLANG_CXX_LIBRARY = "libc++";
				CLANG_ENABLE_MODULES = YES;
				CLANG_ENABLE_OBJC_ARC = YES;
				CLANG_WARN_BOOL_CONVERSION = YES;
				CLANG_WARN_CONSTANT_CONVERSION = YES;
				CLANG_WARN_DIRECT_OBJC_ISA_USAGE = YES_ERROR;
				CLANG_WARN_EMPTY_BODY = YES;
				CLANG_WARN_ENUM_CONVERSION = YES;
				CLANG_WARN_INT_CONVERSION = YES;
				CLANG_WARN_OBJC_ROOT_CLASS = YES_ERROR;
				CLANG_WARN__DUPLICATE_METHOD_MATCH = YES;
				"CODE_SIGN_IDENTITY[sdk=iphoneos*]" = "iPhone Developer";
				COPY_PHASE_STRIP = NO;
				GCC_C_LANGUAGE_STANDARD = gnu99;
				GCC_DYNAMIC_NO_PIC = NO;
				GCC_OPTIMIZATION_LEVEL = 0;
				GCC_PREPROCESSOR_DEFINITIONS = (
					"DEBUG=1",
					"$(inherited)",
				);
				GCC_SYMBOLS_PRIVATE_EXTERN = NO;
				GCC_WARN_64_TO_32_BIT_CONVERSION = YES;
				GCC_WARN_ABOUT_RETURN_TYPE = YES_ERROR;
				GCC_WARN_UNDECLARED_SELECTOR = YES;
				GCC_WARN_UNINITIALIZED_AUTOS = YES_AGGRESSIVE;
				GCC_WARN_UNUSED_FUNCTION = YES;
				GCC_WARN_UNUSED_VARIABLE = YES;
				IPHONEOS_DEPLOYMENT_TARGET = 7.1;
				ONLY_ACTIVE_ARCH = YES;
				SDKROOT = iphoneos;
			};
			name = Debug;
		};
		EEAD13A3191E6CC000760F1E /* Release */ = {
			isa = XCBuildConfiguration;
			buildSettings = {
				ALWAYS_SEARCH_USER_PATHS = NO;
				CLANG_CXX_LANGUAGE_STANDARD = "gnu++0x";
				CLANG_CXX_LIBRARY = "libc++";
				CLANG_ENABLE_MODULES = YES;
				CLANG_ENABLE_OBJC_ARC = YES;
				CLANG_WARN_BOOL_CONVERSION = YES;
				CLANG_WARN_CONSTANT_CONVERSION = YES;
				CLANG_WARN_DIRECT_OBJC_ISA_USAGE = YES_ERROR;
				CLANG_WARN_EMPTY_BODY = YES;
				CLANG_WARN_ENUM_CONVERSION = YES;
				CLANG_WARN_INT_CONVERSION = YES;
				CLANG_WARN_OBJC_ROOT_CLASS = YES_ERROR;
				CLANG_WARN__DUPLICATE_METHOD_MATCH = YES;
				"CODE_SIGN_IDENTITY[sdk=iphoneos*]" = "iPhone Developer";
				COPY_PHASE_STRIP = YES;
				ENABLE_NS_ASSERTIONS = NO;
				GCC_C_LANGUAGE_STANDARD = gnu99;
				GCC_WARN_64_TO_32_BIT_CONVERSION = YES;
				GCC_WARN_ABOUT_RETURN_TYPE = YES_ERROR;
				GCC_WARN_UNDECLARED_SELECTOR = YES;
				GCC_WARN_UNINITIALIZED_AUTOS = YES_AGGRESSIVE;
				GCC_WARN_UNUSED_FUNCTION = YES;
				GCC_WARN_UNUSED_VARIABLE = YES;
				IPHONEOS_DEPLOYMENT_TARGET = 7.1;
				SDKROOT = iphoneos;
				VALIDATE_PRODUCT = YES;
			};
			name = Release;
		};
		EEAD13A5191E6CC000760F1E /* Debug */ = {
			isa = XCBuildConfiguration;
			buildSettings = {
				ASSETCATALOG_COMPILER_APPICON_NAME = AppIcon;
				ASSETCATALOG_COMPILER_LAUNCHIMAGE_NAME = LaunchImage;
				GCC_PRECOMPILE_PREFIX_HEADER = YES;
				GCC_PREFIX_HEADER = "steps/steps-Prefix.pch";
				INFOPLIST_FILE = "steps/steps-Info.plist";
				IPHONEOS_DEPLOYMENT_TARGET = 7.1;
				PRODUCT_NAME = "$(TARGET_NAME)";
				SPRITEKIT_TEXTURE_ATLAS_OUTPUT = YES;
				TARGETED_DEVICE_FAMILY = "1,2";
				WRAPPER_EXTENSION = app;
			};
			name = Debug;
		};
		EEAD13A6191E6CC000760F1E /* Release */ = {
			isa = XCBuildConfiguration;
			buildSettings = {
				ASSETCATALOG_COMPILER_APPICON_NAME = AppIcon;
				ASSETCATALOG_COMPILER_LAUNCHIMAGE_NAME = LaunchImage;
				GCC_PRECOMPILE_PREFIX_HEADER = YES;
				GCC_PREFIX_HEADER = "steps/steps-Prefix.pch";
				INFOPLIST_FILE = "steps/steps-Info.plist";
				IPHONEOS_DEPLOYMENT_TARGET = 7.1;
				PRODUCT_NAME = "$(TARGET_NAME)";
				SPRITEKIT_TEXTURE_ATLAS_OUTPUT = YES;
				TARGETED_DEVICE_FAMILY = "1,2";
				WRAPPER_EXTENSION = app;
			};
			name = Release;
		};
		EEAD13A8191E6CC000760F1E /* Debug */ = {
			isa = XCBuildConfiguration;
			buildSettings = {
				BUNDLE_LOADER = "$(BUILT_PRODUCTS_DIR)/steps.app/steps";
				FRAMEWORK_SEARCH_PATHS = (
					"$(SDKROOT)/Developer/Library/Frameworks",
					"$(inherited)",
					"$(DEVELOPER_FRAMEWORKS_DIR)",
				);
				GCC_PRECOMPILE_PREFIX_HEADER = YES;
				GCC_PREFIX_HEADER = "steps/steps-Prefix.pch";
				GCC_PREPROCESSOR_DEFINITIONS = (
					"DEBUG=1",
					"$(inherited)",
				);
				INFOPLIST_FILE = "stepsTests/stepsTests-Info.plist";
				PRODUCT_NAME = "$(TARGET_NAME)";
				TEST_HOST = "$(BUNDLE_LOADER)";
				WRAPPER_EXTENSION = xctest;
			};
			name = Debug;
		};
		EEAD13A9191E6CC000760F1E /* Release */ = {
			isa = XCBuildConfiguration;
			buildSettings = {
				BUNDLE_LOADER = "$(BUILT_PRODUCTS_DIR)/steps.app/steps";
				FRAMEWORK_SEARCH_PATHS = (
					"$(SDKROOT)/Developer/Library/Frameworks",
					"$(inherited)",
					"$(DEVELOPER_FRAMEWORKS_DIR)",
				);
				GCC_PRECOMPILE_PREFIX_HEADER = YES;
				GCC_PREFIX_HEADER = "steps/steps-Prefix.pch";
				INFOPLIST_FILE = "stepsTests/stepsTests-Info.plist";
				PRODUCT_NAME = "$(TARGET_NAME)";
				TEST_HOST = "$(BUNDLE_LOADER)";
				WRAPPER_EXTENSION = xctest;
			};
			name = Release;
		};
/* End XCBuildConfiguration section */

/* Begin XCConfigurationList section */
		EEAD1366191E6CBF00760F1E /* Build configuration list for PBXProject "steps" */ = {
			isa = XCConfigurationList;
			buildConfigurations = (
				EEAD13A2191E6CC000760F1E /* Debug */,
				EEAD13A3191E6CC000760F1E /* Release */,
			);
			defaultConfigurationIsVisible = 0;
			defaultConfigurationName = Release;
		};
		EEAD13A4191E6CC000760F1E /* Build configuration list for PBXNativeTarget "steps" */ = {
			isa = XCConfigurationList;
			buildConfigurations = (
				EEAD13A5191E6CC000760F1E /* Debug */,
				EEAD13A6191E6CC000760F1E /* Release */,
			);
			defaultConfigurationIsVisible = 0;
			defaultConfigurationName = Release;
		};
		EEAD13A7191E6CC000760F1E /* Build configuration list for PBXNativeTarget "stepsTests" */ = {
			isa = XCConfigurationList;
			buildConfigurations = (
				EEAD13A8191E6CC000760F1E /* Debug */,
				EEAD13A9191E6CC000760F1E /* Release */,
			);
			defaultConfigurationIsVisible = 0;
			defaultConfigurationName = Release;
		};
/* End XCConfigurationList section */
	};
	rootObject = EEAD1363191E6CBF00760F1E /* Project object */;
}
